
Microsoft Visual Studio Solution File, Format Version 12.00
# Visual Studio Version 17
VisualStudioVersion = 17.14.36414.22 d17.14
MinimumVisualStudioVersion = 10.0.40219.1
Project("{FAE04EC0-301F-11D3-BF4B-00C04F79EFBC}") = "ModernSoftwareApp", "ModernSoftwareApp\ModernSoftwareApp.csproj", "{4F512A64-7ECF-4B30-BEBD-7C1E4DFD606D}"
EndProject
Project("{FAE04EC0-301F-11D3-BF4B-00C04F79EFBC}") = "xUnitTestProject", "xUnitTestProject\xUnitTestProject.csproj", "{965E7954-AD73-4351-B568-780B4DEB4319}"
EndProject
Global
	GlobalSection(SolutionConfigurationPlatforms) = preSolution
		Debug|Any CPU = Debug|Any CPU
		Release|Any CPU = Release|Any CPU
	EndGlobalSection
	GlobalSection(ProjectConfigurationPlatforms) = postSolution
		{4F512A64-7ECF-4B30-BEBD-7C1E4DFD606D}.Debug|Any CPU.ActiveCfg = Debug|Any CPU
		{4F512A64-7ECF-4B30-BEBD-7C1E4DFD606D}.Debug|Any CPU.Build.0 = Debug|Any CPU
		{4F512A64-7ECF-4B30-BEBD-7C1E4DFD606D}.Release|Any CPU.ActiveCfg = Release|Any CPU
		{4F512A64-7ECF-4B30-BEBD-7C1E4DFD606D}.Release|Any CPU.Build.0 = Release|Any CPU
		{965E7954-AD73-4351-B568-780B4DEB4319}.Debug|Any CPU.ActiveCfg = Debug|Any CPU
		{965E7954-AD73-4351-B568-780B4DEB4319}.Debug|Any CPU.Build.0 = Debug|Any CPU
		{965E7954-AD73-4351-B568-780B4DEB4319}.Release|Any CPU.ActiveCfg = Release|Any CPU
		{965E7954-AD73-4351-B568-780B4DEB4319}.Release|Any CPU.Build.0 = Release|Any CPU
	EndGlobalSection
	GlobalSection(SolutionProperties) = preSolution
		HideSolutionNode = FALSE
	EndGlobalSection
	GlobalSection(ExtensibilityGlobals) = postSolution
		SolutionGuid = {6B4481DC-015B-431A-96CE-EDFDE31FE4CC}
	EndGlobalSection
EndGlobal
